
Microsoft Visual Studio Solution File, Format Version 12.00
# Visual Studio 15
VisualStudioVersion = 15.0.27703.2000
MinimumVisualStudioVersion = 10.0.40219.1
Project("{FAE04EC0-301F-11D3-BF4B-00C04F79EFBC}") = "FriendOrganizer.UI", "FriendOrganizer.UI\FriendOrganizer.UI.csproj", "{4B681D06-AD66-4636-816D-B312417A2FAC}"
EndProject
Project("{FAE04EC0-301F-11D3-BF4B-00C04F79EFBC}") = "FriendOrganizer.DataAccess", "FriendOrganizer.DataAccess\FriendOrganizer.DataAccess.csproj", "{8BB8CD1F-D6A4-42D9-BFEE-B08AD30F466D}"
EndProject
Project("{FAE04EC0-301F-11D3-BF4B-00C04F79EFBC}") = "FriendOrganizer.Model", "FriendOrganizer.Model\FriendOrganizer.Model.csproj", "{5CAFEE74-2038-4D09-866E-FD1DC43C64E9}"
EndProject
Global
	GlobalSection(SolutionConfigurationPlatforms) = preSolution
		Debug|Any CPU = Debug|Any CPU
		Release|Any CPU = Release|Any CPU
	EndGlobalSection
	GlobalSection(ProjectConfigurationPlatforms) = postSolution
		{4B681D06-AD66-4636-816D-B312417A2FAC}.Debug|Any CPU.ActiveCfg = Debug|Any CPU
		{4B681D06-AD66-4636-816D-B312417A2FAC}.Debug|Any CPU.Build.0 = Debug|Any CPU
		{4B681D06-AD66-4636-816D-B312417A2FAC}.Release|Any CPU.ActiveCfg = Release|Any CPU
		{4B681D06-AD66-4636-816D-B312417A2FAC}.Release|Any CPU.Build.0 = Release|Any CPU
		{8BB8CD1F-D6A4-42D9-BFEE-B08AD30F466D}.Debug|Any CPU.ActiveCfg = Debug|Any CPU
		{8BB8CD1F-D6A4-42D9-BFEE-B08AD30F466D}.Debug|Any CPU.Build.0 = Debug|Any CPU
		{8BB8CD1F-D6A4-42D9-BFEE-B08AD30F466D}.Release|Any CPU.ActiveCfg = Release|Any CPU
		{8BB8CD1F-D6A4-42D9-BFEE-B08AD30F466D}.Release|Any CPU.Build.0 = Release|Any CPU
		{5CAFEE74-2038-4D09-866E-FD1DC43C64E9}.Debug|Any CPU.ActiveCfg = Debug|Any CPU
		{5CAFEE74-2038-4D09-866E-FD1DC43C64E9}.Debug|Any CPU.Build.0 = Debug|Any CPU
		{5CAFEE74-2038-4D09-866E-FD1DC43C64E9}.Release|Any CPU.ActiveCfg = Release|Any CPU
		{5CAFEE74-2038-4D09-866E-FD1DC43C64E9}.Release|Any CPU.Build.0 = Release|Any CPU
	EndGlobalSection
	GlobalSection(SolutionProperties) = preSolution
		HideSolutionNode = FALSE
	EndGlobalSection
	GlobalSection(ExtensibilityGlobals) = postSolution
		SolutionGuid = {62A663E1-566E-4BC6-A7EC-0904BAA9BB92}
	EndGlobalSection
EndGlobal
